{
  "name": "pardon-example-todo",
  "lockfileVersion": 3,
  "requires": true,
  "packages": {
    "": {
      "dependencies": {
        "pardon": "file:../pardon/packages/pardon"
      }
    },
    "../pardon/packages/pardon": {
      "version": "0.0.1-canary.15",
      "license": "internal",
      "bin": {
        "pardon": "dist/main.mjs",
        "pardon-runner": "dist/runner.mjs",
        "pardon-server": "dist/server.mjs"
      },
      "devDependencies": {
        "@eslint/eslintrc": "^3.1.0",
        "@eslint/js": "^9.8.0",
        "@rollup/plugin-commonjs": "^26.0.1",
        "@rollup/plugin-node-resolve": "^15.2.3",
        "@rollup/plugin-typescript": "^11.1.6",
        "@types/better-sqlite3": "^7.6.5",
        "@types/http-proxy": "^1.17.14",
        "@types/node": "^22.1.0",
        "@types/split": "^1.0.5",
        "@types/whatwg-mimetype": "^3.0.2",
        "@typescript-eslint/eslint-plugin": "^8.0.1",
        "acorn": "^8.10.0",
        "acorn-walk": "^8.3.2",
        "eslint": "^9.8.0",
        "eslint-config-prettier": "^9.0.0",
        "eslint-plugin-prettier": "^5.0.1",
        "glob": "^11.0.0",
        "globals": "^15.9.0",
        "http-proxy": "^1.18.1",
        "node-fetch": "^3.3.2",
        "patch-package": "^8.0.0",
        "postcss-load-config": "^6.0.1",
        "prettier": "^3.2.5",
        "rollup": "^4.17.2",
        "rollup-plugin-dts": "^6.1.0",
        "rollup-plugin-esbuild": "^6.1.0",
        "rollup-plugin-generate-package-json": "^3.2.0",
        "rollup-plugin-hashbang": "^3.0.0",
        "split": "^1.0.1",
        "ts-morph": "^23.0.0",
        "tsx": "^4.7.0",
        "typescript": "^5.3.3",
        "whatwg-mimetype": "^4.0.0",
        "yaml": "^2.3.2"
      },
      "engines": {
        "node": ">= 16"
      },
      "optionalDependencies": {
        "better-sqlite3": "^11.1.2"
      }
    },
    "node_modules/pardon": {
      "resolved": "../pardon/packages/pardon",
      "link": true
    }
  }
}
